// !$*UTF8*$!
{
	archiveVersion = 1;
	classes = {
	};
	objectVersion = 50;
	objects = {

/* Begin PBXBuildFile section */
		AC2B78252591BA2900B137B1 /* CryptoCurrencyModel.swift in Sources */ = {isa = PBXBuildFile; fileRef = AC2B78242591BA2900B137B1 /* CryptoCurrencyModel.swift */; };
		AC87858225945AF700A20B02 /* Repository.swift in Sources */ = {isa = PBXBuildFile; fileRef = AC87858125945AF700A20B02 /* Repository.swift */; };
		ACBEC6972599AE3E00B2C7F7 /* three-currencies.json in Resources */ = {isa = PBXBuildFile; fileRef = ACBEC6962599AE3E00B2C7F7 /* three-currencies.json */; };
		ACDF4D452591B47E0062029C /* AppDelegate.swift in Sources */ = {isa = PBXBuildFile; fileRef = ACDF4D442591B47E0062029C /* AppDelegate.swift */; };
		ACDF4D472591B47E0062029C /* SceneDelegate.swift in Sources */ = {isa = PBXBuildFile; fileRef = ACDF4D462591B47E0062029C /* SceneDelegate.swift */; };
		ACDF4D492591B47E0062029C /* MainView.swift in Sources */ = {isa = PBXBuildFile; fileRef = ACDF4D482591B47E0062029C /* MainView.swift */; };
		ACDF4D4B2591B4830062029C /* Assets.xcassets in Resources */ = {isa = PBXBuildFile; fileRef = ACDF4D4A2591B4830062029C /* Assets.xcassets */; };
		ACDF4D4E2591B4830062029C /* Preview Assets.xcassets in Resources */ = {isa = PBXBuildFile; fileRef = ACDF4D4D2591B4830062029C /* Preview Assets.xcassets */; };
		ACDF4D512591B4830062029C /* LaunchScreen.storyboard in Resources */ = {isa = PBXBuildFile; fileRef = ACDF4D4F2591B4830062029C /* LaunchScreen.storyboard */; };
		ACDF4D5C2591B4840062029C /* CryptoCurrencyTests.swift in Sources */ = {isa = PBXBuildFile; fileRef = ACDF4D5B2591B4840062029C /* CryptoCurrencyTests.swift */; };
		ACDF4D672591B4840062029C /* CryptoCurrencyUITests.swift in Sources */ = {isa = PBXBuildFile; fileRef = ACDF4D662591B4840062029C /* CryptoCurrencyUITests.swift */; };
		ACDF4D752591B8680062029C /* MainViewModel.swift in Sources */ = {isa = PBXBuildFile; fileRef = ACDF4D742591B8680062029C /* MainViewModel.swift */; };
/* End PBXBuildFile section */

/* Begin PBXContainerItemProxy section */
		ACDF4D582591B4840062029C /* PBXContainerItemProxy */ = {
			isa = PBXContainerItemProxy;
			containerPortal = ACDF4D392591B47E0062029C /* Project object */;
			proxyType = 1;
			remoteGlobalIDString = ACDF4D402591B47E0062029C;
			remoteInfo = CryptoCurrency;
		};
		ACDF4D632591B4840062029C /* PBXContainerItemProxy */ = {
			isa = PBXContainerItemProxy;
			containerPortal = ACDF4D392591B47E0062029C /* Project object */;
			proxyType = 1;
			remoteGlobalIDString = ACDF4D402591B47E0062029C;
			remoteInfo = CryptoCurrency;
		};
/* End PBXContainerItemProxy section */

/* Begin PBXFileReference section */
		AC2B78242591BA2900B137B1 /* CryptoCurrencyModel.swift */ = {isa = PBXFileReference; lastKnownFileType = sourcecode.swift; path = CryptoCurrencyModel.swift; sourceTree = "<group>"; };
		AC87858125945AF700A20B02 /* Repository.swift */ = {isa = PBXFileReference; lastKnownFileType = sourcecode.swift; path = Repository.swift; sourceTree = "<group>"; };
		ACBEC6962599AE3E00B2C7F7 /* three-currencies.json */ = {isa = PBXFileReference; lastKnownFileType = text.json; path = "three-currencies.json"; sourceTree = "<group>"; };
		ACDF4D412591B47E0062029C /* CryptoCurrency.app */ = {isa = PBXFileReference; explicitFileType = wrapper.application; includeInIndex = 0; path = CryptoCurrency.app; sourceTree = BUILT_PRODUCTS_DIR; };
		ACDF4D442591B47E0062029C /* AppDelegate.swift */ = {isa = PBXFileReference; lastKnownFileType = sourcecode.swift; path = AppDelegate.swift; sourceTree = "<group>"; };
		ACDF4D462591B47E0062029C /* SceneDelegate.swift */ = {isa = PBXFileReference; lastKnownFileType = sourcecode.swift; path = SceneDelegate.swift; sourceTree = "<group>"; };
		ACDF4D482591B47E0062029C /* MainView.swift */ = {isa = PBXFileReference; lastKnownFileType = sourcecode.swift; path = MainView.swift; sourceTree = "<group>"; };
		ACDF4D4A2591B4830062029C /* Assets.xcassets */ = {isa = PBXFileReference; lastKnownFileType = folder.assetcatalog; path = Assets.xcassets; sourceTree = "<group>"; };
		ACDF4D4D2591B4830062029C /* Preview Assets.xcassets */ = {isa = PBXFileReference; lastKnownFileType = folder.assetcatalog; path = "Preview Assets.xcassets"; sourceTree = "<group>"; };
		ACDF4D502591B4830062029C /* Base */ = {isa = PBXFileReference; lastKnownFileType = file.storyboard; name = Base; path = Base.lproj/LaunchScreen.storyboard; sourceTree = "<group>"; };
		ACDF4D522591B4830062029C /* Info.plist */ = {isa = PBXFileReference; lastKnownFileType = text.plist.xml; path = Info.plist; sourceTree = "<group>"; };
		ACDF4D572591B4840062029C /* CryptoCurrencyTests.xctest */ = {isa = PBXFileReference; explicitFileType = wrapper.cfbundle; includeInIndex = 0; path = CryptoCurrencyTests.xctest; sourceTree = BUILT_PRODUCTS_DIR; };
		ACDF4D5B2591B4840062029C /* CryptoCurrencyTests.swift */ = {isa = PBXFileReference; lastKnownFileType = sourcecode.swift; path = CryptoCurrencyTests.swift; sourceTree = "<group>"; };
		ACDF4D5D2591B4840062029C /* Info.plist */ = {isa = PBXFileReference; lastKnownFileType = text.plist.xml; path = Info.plist; sourceTree = "<group>"; };
		ACDF4D622591B4840062029C /* CryptoCurrencyUITests.xctest */ = {isa = PBXFileReference; explicitFileType = wrapper.cfbundle; includeInIndex = 0; path = CryptoCurrencyUITests.xctest; sourceTree = BUILT_PRODUCTS_DIR; };
		ACDF4D662591B4840062029C /* CryptoCurrencyUITests.swift */ = {isa = PBXFileReference; lastKnownFileType = sourcecode.swift; path = CryptoCurrencyUITests.swift; sourceTree = "<group>"; };
		ACDF4D682591B4840062029C /* Info.plist */ = {isa = PBXFileReference; lastKnownFileType = text.plist.xml; path = Info.plist; sourceTree = "<group>"; };
		ACDF4D742591B8680062029C /* MainViewModel.swift */ = {isa = PBXFileReference; lastKnownFileType = sourcecode.swift; path = MainViewModel.swift; sourceTree = "<group>"; };
/* End PBXFileReference section */

/* Begin PBXFrameworksBuildPhase section */
		ACDF4D3E2591B47E0062029C /* Frameworks */ = {
			isa = PBXFrameworksBuildPhase;
			buildActionMask = 2147483647;
			files = (
			);
			runOnlyForDeploymentPostprocessing = 0;
		};
		ACDF4D542591B4840062029C /* Frameworks */ = {
			isa = PBXFrameworksBuildPhase;
			buildActionMask = 2147483647;
			files = (
			);
			runOnlyForDeploymentPostprocessing = 0;
		};
		ACDF4D5F2591B4840062029C /* Frameworks */ = {
			isa = PBXFrameworksBuildPhase;
			buildActionMask = 2147483647;
			files = (
			);
			runOnlyForDeploymentPostprocessing = 0;
		};
/* End PBXFrameworksBuildPhase section */

/* Begin PBXGroup section */
		ACBEC6942599ADEC00B2C7F7 /* Repository */ = {
			isa = PBXGroup;
			children = (
				ACBEC6952599AE0000B2C7F7 /* Mocks */,
				AC87858125945AF700A20B02 /* Repository.swift */,
			);
			path = Repository;
			sourceTree = "<group>";
		};
		ACBEC6952599AE0000B2C7F7 /* Mocks */ = {
			isa = PBXGroup;
			children = (
				ACBEC6962599AE3E00B2C7F7 /* three-currencies.json */,
			);
			path = Mocks;
			sourceTree = "<group>";
		};
		ACBEC6982599AE6600B2C7F7 /* Model */ = {
			isa = PBXGroup;
			children = (
				AC2B78242591BA2900B137B1 /* CryptoCurrencyModel.swift */,
			);
			path = Model;
			sourceTree = "<group>";
		};
		ACBEC6992599AE6D00B2C7F7 /* ViewModel */ = {
			isa = PBXGroup;
			children = (
				ACDF4D742591B8680062029C /* MainViewModel.swift */,
			);
			path = ViewModel;
			sourceTree = "<group>";
		};
		ACBEC69A2599AE7600B2C7F7 /* View */ = {
			isa = PBXGroup;
			children = (
				ACDF4D482591B47E0062029C /* MainView.swift */,
			);
			path = View;
			sourceTree = "<group>";
		};
		ACDF4D382591B47E0062029C = {
			isa = PBXGroup;
			children = (
				ACDF4D432591B47E0062029C /* CryptoCurrency */,
				ACDF4D5A2591B4840062029C /* CryptoCurrencyTests */,
				ACDF4D652591B4840062029C /* CryptoCurrencyUITests */,
				ACDF4D422591B47E0062029C /* Products */,
			);
			sourceTree = "<group>";
		};
		ACDF4D422591B47E0062029C /* Products */ = {
			isa = PBXGroup;
			children = (
				ACDF4D412591B47E0062029C /* CryptoCurrency.app */,
				ACDF4D572591B4840062029C /* CryptoCurrencyTests.xctest */,
				ACDF4D622591B4840062029C /* CryptoCurrencyUITests.xctest */,
			);
			name = Products;
			sourceTree = "<group>";
		};
		ACDF4D432591B47E0062029C /* CryptoCurrency */ = {
			isa = PBXGroup;
			children = (
				ACDF4D442591B47E0062029C /* AppDelegate.swift */,
				ACDF4D462591B47E0062029C /* SceneDelegate.swift */,
				ACBEC69A2599AE7600B2C7F7 /* View */,
				ACBEC6992599AE6D00B2C7F7 /* ViewModel */,
				ACBEC6982599AE6600B2C7F7 /* Model */,
				ACBEC6942599ADEC00B2C7F7 /* Repository */,
				ACDF4D4A2591B4830062029C /* Assets.xcassets */,
				ACDF4D4F2591B4830062029C /* LaunchScreen.storyboard */,
				ACDF4D522591B4830062029C /* Info.plist */,
				ACDF4D4C2591B4830062029C /* Preview Content */,
			);
			path = CryptoCurrency;
			sourceTree = "<group>";
		};
		ACDF4D4C2591B4830062029C /* Preview Content */ = {
			isa = PBXGroup;
			children = (
				ACDF4D4D2591B4830062029C /* Preview Assets.xcassets */,
			);
			path = "Preview Content";
			sourceTree = "<group>";
		};
		ACDF4D5A2591B4840062029C /* CryptoCurrencyTests */ = {
			isa = PBXGroup;
			children = (
				ACDF4D5B2591B4840062029C /* CryptoCurrencyTests.swift */,
				ACDF4D5D2591B4840062029C /* Info.plist */,
			);
			path = CryptoCurrencyTests;
			sourceTree = "<group>";
		};
		ACDF4D652591B4840062029C /* CryptoCurrencyUITests */ = {
			isa = PBXGroup;
			children = (
				ACDF4D662591B4840062029C /* CryptoCurrencyUITests.swift */,
				ACDF4D682591B4840062029C /* Info.plist */,
			);
			path = CryptoCurrencyUITests;
			sourceTree = "<group>";
		};
/* End PBXGroup section */

/* Begin PBXNativeTarget section */
		ACDF4D402591B47E0062029C /* CryptoCurrency */ = {
			isa = PBXNativeTarget;
			buildConfigurationList = ACDF4D6B2591B4840062029C /* Build configuration list for PBXNativeTarget "CryptoCurrency" */;
			buildPhases = (
				ACDF4D3D2591B47E0062029C /* Sources */,
				ACDF4D3E2591B47E0062029C /* Frameworks */,
				ACDF4D3F2591B47E0062029C /* Resources */,
			);
			buildRules = (
			);
			dependencies = (
			);
			name = CryptoCurrency;
			productName = CryptoCurrency;
			productReference = ACDF4D412591B47E0062029C /* CryptoCurrency.app */;
			productType = "com.apple.product-type.application";
		};
		ACDF4D562591B4840062029C /* CryptoCurrencyTests */ = {
			isa = PBXNativeTarget;
			buildConfigurationList = ACDF4D6E2591B4840062029C /* Build configuration list for PBXNativeTarget "CryptoCurrencyTests" */;
			buildPhases = (
				ACDF4D532591B4840062029C /* Sources */,
				ACDF4D542591B4840062029C /* Frameworks */,
				ACDF4D552591B4840062029C /* Resources */,
			);
			buildRules = (
			);
			dependencies = (
				ACDF4D592591B4840062029C /* PBXTargetDependency */,
			);
			name = CryptoCurrencyTests;
			productName = CryptoCurrencyTests;
			productReference = ACDF4D572591B4840062029C /* CryptoCurrencyTests.xctest */;
			productType = "com.apple.product-type.bundle.unit-test";
		};
		ACDF4D612591B4840062029C /* CryptoCurrencyUITests */ = {
			isa = PBXNativeTarget;
			buildConfigurationList = ACDF4D712591B4840062029C /* Build configuration list for PBXNativeTarget "CryptoCurrencyUITests" */;
			buildPhases = (
				ACDF4D5E2591B4840062029C /* Sources */,
				ACDF4D5F2591B4840062029C /* Frameworks */,
				ACDF4D602591B4840062029C /* Resources */,
			);
			buildRules = (
			);
			dependencies = (
				ACDF4D642591B4840062029C /* PBXTargetDependency */,
			);
			name = CryptoCurrencyUITests;
			productName = CryptoCurrencyUITests;
			productReference = ACDF4D622591B4840062029C /* CryptoCurrencyUITests.xctest */;
			productType = "com.apple.product-type.bundle.ui-testing";
		};
/* End PBXNativeTarget section */

/* Begin PBXProject section */
		ACDF4D392591B47E0062029C /* Project object */ = {
			isa = PBXProject;
			attributes = {
				LastSwiftUpdateCheck = 1140;
				LastUpgradeCheck = 1140;
				ORGANIZATIONNAME = "Arie Peretz";
				TargetAttributes = {
					ACDF4D402591B47E0062029C = {
						CreatedOnToolsVersion = 11.4;
					};
					ACDF4D562591B4840062029C = {
						CreatedOnToolsVersion = 11.4;
						TestTargetID = ACDF4D402591B47E0062029C;
					};
					ACDF4D612591B4840062029C = {
						CreatedOnToolsVersion = 11.4;
						TestTargetID = ACDF4D402591B47E0062029C;
					};
				};
			};
			buildConfigurationList = ACDF4D3C2591B47E0062029C /* Build configuration list for PBXProject "CryptoCurrency" */;
			compatibilityVersion = "Xcode 9.3";
			developmentRegion = en;
			hasScannedForEncodings = 0;
			knownRegions = (
				en,
				Base,
			);
			mainGroup = ACDF4D382591B47E0062029C;
			productRefGroup = ACDF4D422591B47E0062029C /* Products */;
			projectDirPath = "";
			projectRoot = "";
			targets = (
				ACDF4D402591B47E0062029C /* CryptoCurrency */,
				ACDF4D562591B4840062029C /* CryptoCurrencyTests */,
				ACDF4D612591B4840062029C /* CryptoCurrencyUITests */,
			);
		};
/* End PBXProject section */

/* Begin PBXResourcesBuildPhase section */
		ACDF4D3F2591B47E0062029C /* Resources */ = {
			isa = PBXResourcesBuildPhase;
			buildActionMask = 2147483647;
			files = (
				ACBEC6972599AE3E00B2C7F7 /* three-currencies.json in Resources */,
				ACDF4D512591B4830062029C /* LaunchScreen.storyboard in Resources */,
				ACDF4D4E2591B4830062029C /* Preview Assets.xcassets in Resources */,
				ACDF4D4B2591B4830062029C /* Assets.xcassets in Resources */,
			);
			runOnlyForDeploymentPostprocessing = 0;
		};
		ACDF4D552591B4840062029C /* Resources */ = {
			isa = PBXResourcesBuildPhase;
			buildActionMask = 2147483647;
			files = (
			);
			runOnlyForDeploymentPostprocessing = 0;
		};
		ACDF4D602591B4840062029C /* Resources */ = {
			isa = PBXResourcesBuildPhase;
			buildActionMask = 2147483647;
			files = (
			);
			runOnlyForDeploymentPostprocessing = 0;
		};
/* End PBXResourcesBuildPhase section */

/* Begin PBXSourcesBuildPhase section */
		ACDF4D3D2591B47E0062029C /* Sources */ = {
			isa = PBXSourcesBuildPhase;
			buildActionMask = 2147483647;
			files = (
				ACDF4D452591B47E0062029C /* AppDelegate.swift in Sources */,
				ACDF4D472591B47E0062029C /* SceneDelegate.swift in Sources */,
				AC2B78252591BA2900B137B1 /* CryptoCurrencyModel.swift in Sources */,
				ACDF4D492591B47E0062029C /* MainView.swift in Sources */,
				ACDF4D752591B8680062029C /* MainViewModel.swift in Sources */,
				AC87858225945AF700A20B02 /* Repository.swift in Sources */,
			);
			runOnlyForDeploymentPostprocessing = 0;
		};
		ACDF4D532591B4840062029C /* Sources */ = {
			isa = PBXSourcesBuildPhase;
			buildActionMask = 2147483647;
			files = (
				ACDF4D5C2591B4840062029C /* CryptoCurrencyTests.swift in Sources */,
			);
			runOnlyForDeploymentPostprocessing = 0;
		};
		ACDF4D5E2591B4840062029C /* Sources */ = {
			isa = PBXSourcesBuildPhase;
			buildActionMask = 2147483647;
			files = (
				ACDF4D672591B4840062029C /* CryptoCurrencyUITests.swift in Sources */,
			);
			runOnlyForDeploymentPostprocessing = 0;
		};
/* End PBXSourcesBuildPhase section */

/* Begin PBXTargetDependency section */
		ACDF4D592591B4840062029C /* PBXTargetDependency */ = {
			isa = PBXTargetDependency;
			target = ACDF4D402591B47E0062029C /* CryptoCurrency */;
			targetProxy = ACDF4D582591B4840062029C /* PBXContainerItemProxy */;
		};
		ACDF4D642591B4840062029C /* PBXTargetDependency */ = {
			isa = PBXTargetDependency;
			target = ACDF4D402591B47E0062029C /* CryptoCurrency */;
			targetProxy = ACDF4D632591B4840062029C /* PBXContainerItemProxy */;
		};
/* End PBXTargetDependency section */

/* Begin PBXVariantGroup section */
		ACDF4D4F2591B4830062029C /* LaunchScreen.storyboard */ = {
			isa = PBXVariantGroup;
			children = (
				ACDF4D502591B4830062029C /* Base */,
			);
			name = LaunchScreen.storyboard;
			sourceTree = "<group>";
		};
/* End PBXVariantGroup section */

/* Begin XCBuildConfiguration section */
		ACDF4D692591B4840062029C /* Debug */ = {
			isa = XCBuildConfiguration;
			buildSettings = {
				ALWAYS_SEARCH_USER_PATHS = NO;
				CLANG_ANALYZER_NONNULL = YES;
				CLANG_ANALYZER_NUMBER_OBJECT_CONVERSION = YES_AGGRESSIVE;
				CLANG_CXX_LANGUAGE_STANDARD = "gnu++14";
				CLANG_CXX_LIBRARY = "libc++";
				CLANG_ENABLE_MODULES = YES;
				CLANG_ENABLE_OBJC_ARC = YES;
				CLANG_ENABLE_OBJC_WEAK = YES;
				CLANG_WARN_BLOCK_CAPTURE_AUTORELEASING = YES;
				CLANG_WARN_BOOL_CONVERSION = YES;
				CLANG_WARN_COMMA = YES;
				CLANG_WARN_CONSTANT_CONVERSION = YES;
				CLANG_WARN_DEPRECATED_OBJC_IMPLEMENTATIONS = YES;
				CLANG_WARN_DIRECT_OBJC_ISA_USAGE = YES_ERROR;
				CLANG_WARN_DOCUMENTATION_COMMENTS = YES;
				CLANG_WARN_EMPTY_BODY = YES;
				CLANG_WARN_ENUM_CONVERSION = YES;
				CLANG_WARN_INFINITE_RECURSION = YES;
				CLANG_WARN_INT_CONVERSION = YES;
				CLANG_WARN_NON_LITERAL_NULL_CONVERSION = YES;
				CLANG_WARN_OBJC_IMPLICIT_RETAIN_SELF = YES;
				CLANG_WARN_OBJC_LITERAL_CONVERSION = YES;
				CLANG_WARN_OBJC_ROOT_CLASS = YES_ERROR;
				CLANG_WARN_RANGE_LOOP_ANALYSIS = YES;
				CLANG_WARN_STRICT_PROTOTYPES = YES;
				CLANG_WARN_SUSPICIOUS_MOVE = YES;
				CLANG_WARN_UNGUARDED_AVAILABILITY = YES_AGGRESSIVE;
				CLANG_WARN_UNREACHABLE_CODE = YES;
				CLANG_WARN__DUPLICATE_METHOD_MATCH = YES;
				COPY_PHASE_STRIP = NO;
				DEBUG_INFORMATION_FORMAT = dwarf;
				ENABLE_STRICT_OBJC_MSGSEND = YES;
				ENABLE_TESTABILITY = YES;
				GCC_C_LANGUAGE_STANDARD = gnu11;
				GCC_DYNAMIC_NO_PIC = NO;
				GCC_NO_COMMON_BLOCKS = YES;
				GCC_OPTIMIZATION_LEVEL = 0;
				GCC_PREPROCESSOR_DEFINITIONS = (
					"DEBUG=1",
					"$(inherited)",
				);
				GCC_WARN_64_TO_32_BIT_CONVERSION = YES;
				GCC_WARN_ABOUT_RETURN_TYPE = YES_ERROR;
				GCC_WARN_UNDECLARED_SELECTOR = YES;
				GCC_WARN_UNINITIALIZED_AUTOS = YES_AGGRESSIVE;
				GCC_WARN_UNUSED_FUNCTION = YES;
				GCC_WARN_UNUSED_VARIABLE = YES;
				IPHONEOS_DEPLOYMENT_TARGET = 13.4;
				MTL_ENABLE_DEBUG_INFO = INCLUDE_SOURCE;
				MTL_FAST_MATH = YES;
				ONLY_ACTIVE_ARCH = YES;
				SDKROOT = iphoneos;
				SWIFT_ACTIVE_COMPILATION_CONDITIONS = DEBUG;
				SWIFT_OPTIMIZATION_LEVEL = "-Onone";
			};
			name = Debug;
		};
		ACDF4D6A2591B4840062029C /* Release */ = {
			isa = XCBuildConfiguration;
			buildSettings = {
				ALWAYS_SEARCH_USER_PATHS = NO;
				CLANG_ANALYZER_NONNULL = YES;
				CLANG_ANALYZER_NUMBER_OBJECT_CONVERSION = YES_AGGRESSIVE;
				CLANG_CXX_LANGUAGE_STANDARD = "gnu++14";
				CLANG_CXX_LIBRARY = "libc++";
				CLANG_ENABLE_MODULES = YES;
				CLANG_ENABLE_OBJC_ARC = YES;
				CLANG_ENABLE_OBJC_WEAK = YES;
				CLANG_WARN_BLOCK_CAPTURE_AUTORELEASING = YES;
				CLANG_WARN_BOOL_CONVERSION = YES;
				CLANG_WARN_COMMA = YES;
				CLANG_WARN_CONSTANT_CONVERSION = YES;
				CLANG_WARN_DEPRECATED_OBJC_IMPLEMENTATIONS = YES;
				CLANG_WARN_DIRECT_OBJC_ISA_USAGE = YES_ERROR;
				CLANG_WARN_DOCUMENTATION_COMMENTS = YES;
				CLANG_WARN_EMPTY_BODY = YES;
				CLANG_WARN_ENUM_CONVERSION = YES;
				CLANG_WARN_INFINITE_RECURSION = YES;
				CLANG_WARN_INT_CONVERSION = YES;
				CLANG_WARN_NON_LITERAL_NULL_CONVERSION = YES;
				CLANG_WARN_OBJC_IMPLICIT_RETAIN_SELF = YES;
				CLANG_WARN_OBJC_LITERAL_CONVERSION = YES;
				CLANG_WARN_OBJC_ROOT_CLASS = YES_ERROR;
				CLANG_WARN_RANGE_LOOP_ANALYSIS = YES;
				CLANG_WARN_STRICT_PROTOTYPES = YES;
				CLANG_WARN_SUSPICIOUS_MOVE = YES;
				CLANG_WARN_UNGUARDED_AVAILABILITY = YES_AGGRESSIVE;
				CLANG_WARN_UNREACHABLE_CODE = YES;
				CLANG_WARN__DUPLICATE_METHOD_MATCH = YES;
				COPY_PHASE_STRIP = NO;
				DEBUG_INFORMATION_FORMAT = "dwarf-with-dsym";
				ENABLE_NS_ASSERTIONS = NO;
				ENABLE_STRICT_OBJC_MSGSEND = YES;
				GCC_C_LANGUAGE_STANDARD = gnu11;
				GCC_NO_COMMON_BLOCKS = YES;
				GCC_WARN_64_TO_32_BIT_CONVERSION = YES;
				GCC_WARN_ABOUT_RETURN_TYPE = YES_ERROR;
				GCC_WARN_UNDECLARED_SELECTOR = YES;
				GCC_WARN_UNINITIALIZED_AUTOS = YES_AGGRESSIVE;
				GCC_WARN_UNUSED_FUNCTION = YES;
				GCC_WARN_UNUSED_VARIABLE = YES;
				IPHONEOS_DEPLOYMENT_TARGET = 13.4;
				MTL_ENABLE_DEBUG_INFO = NO;
				MTL_FAST_MATH = YES;
				SDKROOT = iphoneos;
				SWIFT_COMPILATION_MODE = wholemodule;
				SWIFT_OPTIMIZATION_LEVEL = "-O";
				VALIDATE_PRODUCT = YES;
			};
			name = Release;
		};
		ACDF4D6C2591B4840062029C /* Debug */ = {
			isa = XCBuildConfiguration;
			buildSettings = {
				ASSETCATALOG_COMPILER_APPICON_NAME = AppIcon;
				CODE_SIGN_STYLE = Automatic;
				DEVELOPMENT_ASSET_PATHS = "\"CryptoCurrency/Preview Content\"";
				DEVELOPMENT_TEAM = KJSUL68A86;
				ENABLE_PREVIEWS = YES;
				INFOPLIST_FILE = CryptoCurrency/Info.plist;
				LD_RUNPATH_SEARCH_PATHS = (
					"$(inherited)",
					"@executable_path/Frameworks",
				);
				PRODUCT_BUNDLE_IDENTIFIER = com.arieperetz.CryptoCurrency;
				PRODUCT_NAME = "$(TARGET_NAME)";
				SWIFT_VERSION = 5.0;
				TARGETED_DEVICE_FAMILY = "1,2";
			};
			name = Debug;
		};
		ACDF4D6D2591B4840062029C /* Release */ = {
			isa = XCBuildConfiguration;
			buildSettings = {
				ASSETCATALOG_COMPILER_APPICON_NAME = AppIcon;
				CODE_SIGN_STYLE = Automatic;
				DEVELOPMENT_ASSET_PATHS = "\"CryptoCurrency/Preview Content\"";
				DEVELOPMENT_TEAM = KJSUL68A86;
				ENABLE_PREVIEWS = YES;
				INFOPLIST_FILE = CryptoCurrency/Info.plist;
				LD_RUNPATH_SEARCH_PATHS = (
					"$(inherited)",
					"@executable_path/Frameworks",
				);
				PRODUCT_BUNDLE_IDENTIFIER = com.arieperetz.CryptoCurrency;
				PRODUCT_NAME = "$(TARGET_NAME)";
				SWIFT_VERSION = 5.0;
				TARGETED_DEVICE_FAMILY = "1,2";
			};
			name = Release;
		};
		ACDF4D6F2591B4840062029C /* Debug */ = {
			isa = XCBuildConfiguration;
			buildSettings = {
				ALWAYS_EMBED_SWIFT_STANDARD_LIBRARIES = YES;
				BUNDLE_LOADER = "$(TEST_HOST)";
				CODE_SIGN_STYLE = Automatic;
				DEVELOPMENT_TEAM = KJSUL68A86;
				INFOPLIST_FILE = CryptoCurrencyTests/Info.plist;
				IPHONEOS_DEPLOYMENT_TARGET = 13.4;
				LD_RUNPATH_SEARCH_PATHS = (
					"$(inherited)",
					"@executable_path/Frameworks",
					"@loader_path/Frameworks",
				);
				PRODUCT_BUNDLE_IDENTIFIER = com.arieperetz.CryptoCurrencyTests;
				PRODUCT_NAME = "$(TARGET_NAME)";
				SWIFT_VERSION = 5.0;
				TARGETED_DEVICE_FAMILY = "1,2";
				TEST_HOST = "$(BUILT_PRODUCTS_DIR)/CryptoCurrency.app/CryptoCurrency";
			};
			name = Debug;
		};
		ACDF4D702591B4840062029C /* Release */ = {
			isa = XCBuildConfiguration;
			buildSettings = {
				ALWAYS_EMBED_SWIFT_STANDARD_LIBRARIES = YES;
				BUNDLE_LOADER = "$(TEST_HOST)";
				CODE_SIGN_STYLE = Automatic;
				DEVELOPMENT_TEAM = KJSUL68A86;
				INFOPLIST_FILE = CryptoCurrencyTests/Info.plist;
				IPHONEOS_DEPLOYMENT_TARGET = 13.4;
				LD_RUNPATH_SEARCH_PATHS = (
					"$(inherited)",
					"@executable_path/Frameworks",
					"@loader_path/Frameworks",
				);
				PRODUCT_BUNDLE_IDENTIFIER = com.arieperetz.CryptoCurrencyTests;
				PRODUCT_NAME = "$(TARGET_NAME)";
				SWIFT_VERSION = 5.0;
				TARGETED_DEVICE_FAMILY = "1,2";
				TEST_HOST = "$(BUILT_PRODUCTS_DIR)/CryptoCurrency.app/CryptoCurrency";
			};
			name = Release;
		};
		ACDF4D722591B4840062029C /* Debug */ = {
			isa = XCBuildConfiguration;
			buildSettings = {
				ALWAYS_EMBED_SWIFT_STANDARD_LIBRARIES = YES;
				CODE_SIGN_STYLE = Automatic;
				DEVELOPMENT_TEAM = KJSUL68A86;
				INFOPLIST_FILE = CryptoCurrencyUITests/Info.plist;
				LD_RUNPATH_SEARCH_PATHS = (
					"$(inherited)",
					"@executable_path/Frameworks",
					"@loader_path/Frameworks",
				);
				PRODUCT_BUNDLE_IDENTIFIER = com.arieperetz.CryptoCurrencyUITests;
				PRODUCT_NAME = "$(TARGET_NAME)";
				SWIFT_VERSION = 5.0;
				TARGETED_DEVICE_FAMILY = "1,2";
				TEST_TARGET_NAME = CryptoCurrency;
			};
			name = Debug;
		};
		ACDF4D732591B4840062029C /* Release */ = {
			isa = XCBuildConfiguration;
			buildSettings = {
				ALWAYS_EMBED_SWIFT_STANDARD_LIBRARIES = YES;
				CODE_SIGN_STYLE = Automatic;
				DEVELOPMENT_TEAM = KJSUL68A86;
				INFOPLIST_FILE = CryptoCurrencyUITests/Info.plist;
				LD_RUNPATH_SEARCH_PATHS = (
					"$(inherited)",
					"@executable_path/Frameworks",
					"@loader_path/Frameworks",
				);
				PRODUCT_BUNDLE_IDENTIFIER = com.arieperetz.CryptoCurrencyUITests;
				PRODUCT_NAME = "$(TARGET_NAME)";
				SWIFT_VERSION = 5.0;
				TARGETED_DEVICE_FAMILY = "1,2";
				TEST_TARGET_NAME = CryptoCurrency;
			};
			name = Release;
		};
/* End XCBuildConfiguration section */

/* Begin XCConfigurationList section */
		ACDF4D3C2591B47E0062029C /* Build configuration list for PBXProject "CryptoCurrency" */ = {
			isa = XCConfigurationList;
			buildConfigurations = (
				ACDF4D692591B4840062029C /* Debug */,
				ACDF4D6A2591B4840062029C /* Release */,
			);
			defaultConfigurationIsVisible = 0;
			defaultConfigurationName = Release;
		};
		ACDF4D6B2591B4840062029C /* Build configuration list for PBXNativeTarget "CryptoCurrency" */ = {
			isa = XCConfigurationList;
			buildConfigurations = (
				ACDF4D6C2591B4840062029C /* Debug */,
				ACDF4D6D2591B4840062029C /* Release */,
			);
			defaultConfigurationIsVisible = 0;
			defaultConfigurationName = Release;
		};
		ACDF4D6E2591B4840062029C /* Build configuration list for PBXNativeTarget "CryptoCurrencyTests" */ = {
			isa = XCConfigurationList;
			buildConfigurations = (
				ACDF4D6F2591B4840062029C /* Debug */,
				ACDF4D702591B4840062029C /* Release */,
			);
			defaultConfigurationIsVisible = 0;
			defaultConfigurationName = Release;
		};
		ACDF4D712591B4840062029C /* Build configuration list for PBXNativeTarget "CryptoCurrencyUITests" */ = {
			isa = XCConfigurationList;
			buildConfigurations = (
				ACDF4D722591B4840062029C /* Debug */,
				ACDF4D732591B4840062029C /* Release */,
			);
			defaultConfigurationIsVisible = 0;
			defaultConfigurationName = Release;
		};
/* End XCConfigurationList section */
	};
	rootObject = ACDF4D392591B47E0062029C /* Project object */;
}
